
Microsoft Visual Studio Solution File, Format Version 12.00
# Visual Studio Version 17
VisualStudioVersion = 17.10.35013.160
MinimumVisualStudioVersion = 10.0.40219.1
Project("{9A19103F-16F7-4668-BE54-9A1E7A4F7556}") = "MedicalRecordsManagement", "MedicalRecordsManagement.csproj", "{EAC0C5D2-5D46-421B-ADF4-52ABCBD4D0CD}"
EndProject
Global
	GlobalSection(SolutionConfigurationPlatforms) = preSolution
		Debug|Any CPU = Debug|Any CPU
		Release|Any CPU = Release|Any CPU
	EndGlobalSection
	GlobalSection(ProjectConfigurationPlatforms) = postSolution
		{EAC0C5D2-5D46-421B-ADF4-52ABCBD4D0CD}.Debug|Any CPU.ActiveCfg = Debug|Any CPU
		{EAC0C5D2-5D46-421B-ADF4-52ABCBD4D0CD}.Debug|Any CPU.Build.0 = Debug|Any CPU
		{EAC0C5D2-5D46-421B-ADF4-52ABCBD4D0CD}.Release|Any CPU.ActiveCfg = Release|Any CPU
		{EAC0C5D2-5D46-421B-ADF4-52ABCBD4D0CD}.Release|Any CPU.Build.0 = Release|Any CPU
	EndGlobalSection
	GlobalSection(SolutionProperties) = preSolution
		HideSolutionNode = FALSE
	EndGlobalSection
	GlobalSection(ExtensibilityGlobals) = postSolution
		SolutionGuid = {3D5418FD-CE54-4C02-9D61-4605B7C8337C}
	EndGlobalSection
EndGlobal
